
Microsoft Visual Studio Solution File, Format Version 12.00
# Visual Studio Version 16
VisualStudioVersion = 16.0.30907.101
MinimumVisualStudioVersion = 10.0.40219.1
Project("{FAE04EC0-301F-11D3-BF4B-00C04F79EFBC}") = "robotarm", "robotarm\robotarm.csproj", "{472B56BB-999E-491E-9E32-F9698C53C3F9}"
EndProject
Global
	GlobalSection(SolutionConfigurationPlatforms) = preSolution
		Debug|Any CPU = Debug|Any CPU
		Release|Any CPU = Release|Any CPU
	EndGlobalSection
	GlobalSection(ProjectConfigurationPlatforms) = postSolution
		{472B56BB-999E-491E-9E32-F9698C53C3F9}.Debug|Any CPU.ActiveCfg = Debug|Any CPU
		{472B56BB-999E-491E-9E32-F9698C53C3F9}.Debug|Any CPU.Build.0 = Debug|Any CPU
		{472B56BB-999E-491E-9E32-F9698C53C3F9}.Release|Any CPU.ActiveCfg = Release|Any CPU
		{472B56BB-999E-491E-9E32-F9698C53C3F9}.Release|Any CPU.Build.0 = Release|Any CPU
	EndGlobalSection
	GlobalSection(SolutionProperties) = preSolution
		HideSolutionNode = FALSE
	EndGlobalSection
	GlobalSection(ExtensibilityGlobals) = postSolution
		SolutionGuid = {CC23B9E3-C5E5-477F-9F10-ABD9A499A8E1}
	EndGlobalSection
EndGlobal
